hash: 443c34b7e138654ef4887d72d12e568e5438396f162a3d90cc5706c412593a6f
updated: 2018-11-29T09:17:24.767590302+01:00
imports:
- name: github.com/energieip/common-group-go
  version: 30e7048ad4cdf92cee7592b924200aba3aa1faa1
  subpackages:
  - pkg/groupmodel
- name: github.com/energieip/common-led-go
  version: 20e2729cf61ead34bbd2e604f232ce290cb11352
  subpackages:
  - pkg/driverled
- name: github.com/energieip/common-sensor-go
  version: 56bc81b92fc6ca9f63f8714bc54dffcfb3d71f0e
  subpackages:
  - pkg/driversensor
- name: github.com/energieip/common-service-go
  version: f0ebd5f6f0eb573bbcf152bc3df7184ccb140a72
  subpackages:
  - pkg/service
testImports: []
