hash: 443c34b7e138654ef4887d72d12e568e5438396f162a3d90cc5706c412593a6f
updated: 2019-01-02T15:38:42.427036073+01:00
imports:
- name: github.com/energieip/common-group-go
  version: 3582e5cb93d13bd77c8afd71c4a9645254dc1f4f
  subpackages:
  - pkg/groupmodel
- name: github.com/energieip/common-led-go
  version: 6881d23973e801d0f4848d91b84f124042b61493
  subpackages:
  - pkg/driverled
- name: github.com/energieip/common-sensor-go
  version: 1a29593d423a2a742bc861778d42e3448c267444
  subpackages:
  - pkg/driversensor
- name: github.com/energieip/common-service-go
  version: b961505ab34088b37ffe57641fbb5451dcb03e83
  subpackages:
  - pkg/service
testImports: []
